
Microsoft Visual Studio Solution File, Format Version 12.00
# Visual Studio Express 14 for Web
VisualStudioVersion = 14.0.25420.1
MinimumVisualStudioVersion = 10.0.40219.1
Project("{FAE04EC0-301F-11D3-BF4B-00C04F79EFBC}") = "HouseOfSynergy.AffinityDms.Library", "HouseOfSynergy.AffinityDms.Library\HouseOfSynergy.AffinityDms.Library.csproj", "{7B4FD97F-EE77-4B55-9669-8A7FFEFF8A0F}"
EndProject
Project("{FAE04EC0-301F-11D3-BF4B-00C04F79EFBC}") = "HouseOfSynergy.AffinityDms.Entities", "HouseOfSynergy.AffinityDms.Entities\HouseOfSynergy.AffinityDms.Entities.csproj", "{6FE96894-72E1-4FAF-9833-578A9DE90B9D}"
EndProject
Project("{FAE04EC0-301F-11D3-BF4B-00C04F79EFBC}") = "HouseOfSynergy.AffinityDms.DataLayer", "HouseOfSynergy.AffinityDms.DataLayer\HouseOfSynergy.AffinityDms.DataLayer.csproj", "{20FF2B31-C309-4824-9717-9C456DF9C511}"
EndProject
Project("{FAE04EC0-301F-11D3-BF4B-00C04F79EFBC}") = "HouseOfSynergy.AffinityDms.BusinessLayer", "HouseOfSynergy.AffinityDms.BusinessLayer\HouseOfSynergy.AffinityDms.BusinessLayer.csproj", "{DEB87267-A36C-4856-BD1A-067F44340CC0}"
EndProject
Project("{FAE04EC0-301F-11D3-BF4B-00C04F79EFBC}") = "HouseOfSynergy.PowerTools.Library", "HouseOfSynergy.PowerTools.Library\HouseOfSynergy.PowerTools.Library.csproj", "{ADF4A60A-BF83-499A-9653-43DF5D4F7836}"
EndProject
Project("{FAE04EC0-301F-11D3-BF4B-00C04F79EFBC}") = "HouseOfSynergy.AffinityDms.WindowsFormsClient", "HouseOfSynergy.AffinityDms.WindowsFormsClient\HouseOfSynergy.AffinityDms.WindowsFormsClient.csproj", "{2C0998E2-1264-4F0C-931C-E26C5BD20CD4}"
EndProject
Project("{FAE04EC0-301F-11D3-BF4B-00C04F79EFBC}") = "HouseOfSynergy.AffinityDms.ResourceProvider", "HouseOfSynergy.AffinityDms.ResourceProvider\HouseOfSynergy.AffinityDms.ResourceProvider.csproj", "{614A88BF-3A81-4F97-93B3-E25751FA7CE9}"
EndProject
Project("{CC5FD16D-436D-48AD-A40C-5A424C6E3E79}") = "HouseOfSynergy.AffinityDms.AzureCloudService", "HouseOfSynergy.AffinityDms.AzureCloudService\HouseOfSynergy.AffinityDms.AzureCloudService.ccproj", "{2722CB55-4458-43BF-AC84-992615C3E46F}"
EndProject
Project("{FAE04EC0-301F-11D3-BF4B-00C04F79EFBC}") = "HouseOfSynergy.AffinityDms.WebRole", "HouseOfSynergy.AffinityDms.WebRole\HouseOfSynergy.AffinityDms.WebRole.csproj", "{87EAE0D4-D9B3-4B87-A900-83CF59D8EF6A}"
EndProject
Project("{FAE04EC0-301F-11D3-BF4B-00C04F79EFBC}") = "HouseOfSynergy.AffinityDms.OcrWorkerRole", "HouseOfSynergy.AffinityDms.OcrWorkerRole\HouseOfSynergy.AffinityDms.OcrWorkerRole.csproj", "{D8D2564E-0B0E-4772-AE51-73328BF9BBF7}"
EndProject
Project("{FAE04EC0-301F-11D3-BF4B-00C04F79EFBC}") = "HouseOfSynergy.AffinityDms.ConsoleClient", "HouseOfSynergy.AffinityDms.ConsoleClient\HouseOfSynergy.AffinityDms.ConsoleClient.csproj", "{A60256E9-5A22-4356-A63D-79CB3A6457F9}"
EndProject
Project("{FAE04EC0-301F-11D3-BF4B-00C04F79EFBC}") = "HouseOfSynergy.AffinityDms.OcrLibrary", "HouseOfSynergy.AffinityDms.OcrLibrary\HouseOfSynergy.AffinityDms.OcrLibrary.csproj", "{3B6C3F10-DA7F-4643-81C3-8D18D35E00DB}"
EndProject
Project("{2150E333-8FDC-42A3-9474-1A3956D46DE8}") = "Solution Items", "Solution Items", "{196E6F44-B62C-4EE0-BA46-C9EAC6FE2815}"
	ProjectSection(SolutionItems) = preProject
		WebEssentials-Settings.json = WebEssentials-Settings.json
	EndProjectSection
EndProject
Project("{2150E333-8FDC-42A3-9474-1A3956D46DE8}") = ".nuget", ".nuget", "{A1BB4250-0985-4908-83EF-863E73CDFF8A}"
	ProjectSection(SolutionItems) = preProject
		.nuget\NuGet.Config = .nuget\NuGet.Config
		.nuget\NuGet.exe = .nuget\NuGet.exe
		.nuget\NuGet.targets = .nuget\NuGet.targets
	EndProjectSection
EndProject
Project("{FAE04EC0-301F-11D3-BF4B-00C04F79EFBC}") = "HouseOfSynergy.AffinityDms.UnitTests", "HouseOfSynergy.AffinityDms.UnitTests\HouseOfSynergy.AffinityDms.UnitTests.csproj", "{F3BB8EDB-48B1-4532-8E31-E90CCA7CDDBA}"
EndProject
Project("{FAE04EC0-301F-11D3-BF4B-00C04F79EFBC}") = "HouseOfSynergy.AffinityDms.OcrWinService", "HouseOfSynergy.AffinityDms.OcrWinService\HouseOfSynergy.AffinityDms.OcrWinService.csproj", "{6240D1F1-3657-4EAC-BC67-714DD9A82914}"
EndProject
Global
	GlobalSection(SolutionConfigurationPlatforms) = preSolution
		CD_ROM|Any CPU = CD_ROM|Any CPU
		CD_ROM|x64 = CD_ROM|x64
		CD_ROM|x86 = CD_ROM|x86
		Debug|Any CPU = Debug|Any CPU
		Debug|x64 = Debug|x64
		Debug|x86 = Debug|x86
		DVD-5|Any CPU = DVD-5|Any CPU
		DVD-5|x64 = DVD-5|x64
		DVD-5|x86 = DVD-5|x86
		Release|Any CPU = Release|Any CPU
		Release|x64 = Release|x64
		Release|x86 = Release|x86
		SingleImage|Any CPU = SingleImage|Any CPU
		SingleImage|x64 = SingleImage|x64
		SingleImage|x86 = SingleImage|x86
	EndGlobalSection
	GlobalSection(ProjectConfigurationPlatforms) = postSolution
		{7B4FD97F-EE77-4B55-9669-8A7FFEFF8A0F}.CD_ROM|Any CPU.ActiveCfg = Release|Any CPU
		{7B4FD97F-EE77-4B55-9669-8A7FFEFF8A0F}.CD_ROM|Any CPU.Build.0 = Release|Any CPU
		{7B4FD97F-EE77-4B55-9669-8A7FFEFF8A0F}.CD_ROM|x64.ActiveCfg = Debug|Any CPU
		{7B4FD97F-EE77-4B55-9669-8A7FFEFF8A0F}.CD_ROM|x64.Build.0 = Debug|Any CPU
		{7B4FD97F-EE77-4B55-9669-8A7FFEFF8A0F}.CD_ROM|x86.ActiveCfg = Debug|Any CPU
		{7B4FD97F-EE77-4B55-9669-8A7FFEFF8A0F}.CD_ROM|x86.Build.0 = Debug|Any CPU
		{7B4FD97F-EE77-4B55-9669-8A7FFEFF8A0F}.Debug|Any CPU.ActiveCfg = Debug|Any CPU
		{7B4FD97F-EE77-4B55-9669-8A7FFEFF8A0F}.Debug|Any CPU.Build.0 = Debug|Any CPU
		{7B4FD97F-EE77-4B55-9669-8A7FFEFF8A0F}.Debug|x64.ActiveCfg = Debug|Any CPU
		{7B4FD97F-EE77-4B55-9669-8A7FFEFF8A0F}.Debug|x64.Build.0 = Debug|Any CPU
		{7B4FD97F-EE77-4B55-9669-8A7FFEFF8A0F}.Debug|x86.ActiveCfg = Debug|Any CPU
		{7B4FD97F-EE77-4B55-9669-8A7FFEFF8A0F}.Debug|x86.Build.0 = Debug|Any CPU
		{7B4FD97F-EE77-4B55-9669-8A7FFEFF8A0F}.DVD-5|Any CPU.ActiveCfg = Debug|Any CPU
		{7B4FD97F-EE77-4B55-9669-8A7FFEFF8A0F}.DVD-5|Any CPU.Build.0 = Debug|Any CPU
		{7B4FD97F-EE77-4B55-9669-8A7FFEFF8A0F}.DVD-5|x64.ActiveCfg = Debug|Any CPU
		{7B4FD97F-EE77-4B55-9669-8A7FFEFF8A0F}.DVD-5|x64.Build.0 = Debug|Any CPU
		{7B4FD97F-EE77-4B55-9669-8A7FFEFF8A0F}.DVD-5|x86.ActiveCfg = Debug|Any CPU
		{7B4FD97F-EE77-4B55-9669-8A7FFEFF8A0F}.DVD-5|x86.Build.0 = Debug|Any CPU
		{7B4FD97F-EE77-4B55-9669-8A7FFEFF8A0F}.Release|Any CPU.ActiveCfg = Release|Any CPU
		{7B4FD97F-EE77-4B55-9669-8A7FFEFF8A0F}.Release|Any CPU.Build.0 = Release|Any CPU
		{7B4FD97F-EE77-4B55-9669-8A7FFEFF8A0F}.Release|x64.ActiveCfg = Release|Any CPU
		{7B4FD97F-EE77-4B55-9669-8A7FFEFF8A0F}.Release|x64.Build.0 = Release|Any CPU
		{7B4FD97F-EE77-4B55-9669-8A7FFEFF8A0F}.Release|x86.ActiveCfg = Release|Any CPU
		{7B4FD97F-EE77-4B55-9669-8A7FFEFF8A0F}.Release|x86.Build.0 = Release|Any CPU
		{7B4FD97F-EE77-4B55-9669-8A7FFEFF8A0F}.SingleImage|Any CPU.ActiveCfg = Release|Any CPU
		{7B4FD97F-EE77-4B55-9669-8A7FFEFF8A0F}.SingleImage|Any CPU.Build.0 = Release|Any CPU
		{7B4FD97F-EE77-4B55-9669-8A7FFEFF8A0F}.SingleImage|x64.ActiveCfg = Debug|Any CPU
		{7B4FD97F-EE77-4B55-9669-8A7FFEFF8A0F}.SingleImage|x64.Build.0 = Debug|Any CPU
		{7B4FD97F-EE77-4B55-9669-8A7FFEFF8A0F}.SingleImage|x86.ActiveCfg = Debug|Any CPU
		{7B4FD97F-EE77-4B55-9669-8A7FFEFF8A0F}.SingleImage|x86.Build.0 = Debug|Any CPU
		{6FE96894-72E1-4FAF-9833-578A9DE90B9D}.CD_ROM|Any CPU.ActiveCfg = Release|Any CPU
		{6FE96894-72E1-4FAF-9833-578A9DE90B9D}.CD_ROM|Any CPU.Build.0 = Release|Any CPU
		{6FE96894-72E1-4FAF-9833-578A9DE90B9D}.CD_ROM|x64.ActiveCfg = Debug|Any CPU
		{6FE96894-72E1-4FAF-9833-578A9DE90B9D}.CD_ROM|x64.Build.0 = Debug|Any CPU
		{6FE96894-72E1-4FAF-9833-578A9DE90B9D}.CD_ROM|x86.ActiveCfg = Debug|Any CPU
		{6FE96894-72E1-4FAF-9833-578A9DE90B9D}.CD_ROM|x86.Build.0 = Debug|Any CPU
		{6FE96894-72E1-4FAF-9833-578A9DE90B9D}.Debug|Any CPU.ActiveCfg = Debug|Any CPU
		{6FE96894-72E1-4FAF-9833-578A9DE90B9D}.Debug|Any CPU.Build.0 = Debug|Any CPU
		{6FE96894-72E1-4FAF-9833-578A9DE90B9D}.Debug|x64.ActiveCfg = Debug|Any CPU
		{6FE96894-72E1-4FAF-9833-578A9DE90B9D}.Debug|x64.Build.0 = Debug|Any CPU
		{6FE96894-72E1-4FAF-9833-578A9DE90B9D}.Debug|x86.ActiveCfg = Debug|Any CPU
		{6FE96894-72E1-4FAF-9833-578A9DE90B9D}.Debug|x86.Build.0 = Debug|Any CPU
		{6FE96894-72E1-4FAF-9833-578A9DE90B9D}.DVD-5|Any CPU.ActiveCfg = Debug|Any CPU
		{6FE96894-72E1-4FAF-9833-578A9DE90B9D}.DVD-5|Any CPU.Build.0 = Debug|Any CPU
		{6FE96894-72E1-4FAF-9833-578A9DE90B9D}.DVD-5|x64.ActiveCfg = Debug|Any CPU
		{6FE96894-72E1-4FAF-9833-578A9DE90B9D}.DVD-5|x64.Build.0 = Debug|Any CPU
		{6FE96894-72E1-4FAF-9833-578A9DE90B9D}.DVD-5|x86.ActiveCfg = Debug|Any CPU
		{6FE96894-72E1-4FAF-9833-578A9DE90B9D}.DVD-5|x86.Build.0 = Debug|Any CPU
		{6FE96894-72E1-4FAF-9833-578A9DE90B9D}.Release|Any CPU.ActiveCfg = Release|Any CPU
		{6FE96894-72E1-4FAF-9833-578A9DE90B9D}.Release|Any CPU.Build.0 = Release|Any CPU
		{6FE96894-72E1-4FAF-9833-578A9DE90B9D}.Release|x64.ActiveCfg = Release|Any CPU
		{6FE96894-72E1-4FAF-9833-578A9DE90B9D}.Release|x64.Build.0 = Release|Any CPU
		{6FE96894-72E1-4FAF-9833-578A9DE90B9D}.Release|x86.ActiveCfg = Release|Any CPU
		{6FE96894-72E1-4FAF-9833-578A9DE90B9D}.Release|x86.Build.0 = Release|Any CPU
		{6FE96894-72E1-4FAF-9833-578A9DE90B9D}.SingleImage|Any CPU.ActiveCfg = Release|Any CPU
		{6FE96894-72E1-4FAF-9833-578A9DE90B9D}.SingleImage|Any CPU.Build.0 = Release|Any CPU
		{6FE96894-72E1-4FAF-9833-578A9DE90B9D}.SingleImage|x64.ActiveCfg = Debug|Any CPU
		{6FE96894-72E1-4FAF-9833-578A9DE90B9D}.SingleImage|x64.Build.0 = Debug|Any CPU
		{6FE96894-72E1-4FAF-9833-578A9DE90B9D}.SingleImage|x86.ActiveCfg = Debug|Any CPU
		{6FE96894-72E1-4FAF-9833-578A9DE90B9D}.SingleImage|x86.Build.0 = Debug|Any CPU
		{20FF2B31-C309-4824-9717-9C456DF9C511}.CD_ROM|Any CPU.ActiveCfg = Release|Any CPU
		{20FF2B31-C309-4824-9717-9C456DF9C511}.CD_ROM|Any CPU.Build.0 = Release|Any CPU
		{20FF2B31-C309-4824-9717-9C456DF9C511}.CD_ROM|x64.ActiveCfg = Debug|Any CPU
		{20FF2B31-C309-4824-9717-9C456DF9C511}.CD_ROM|x64.Build.0 = Debug|Any CPU
		{20FF2B31-C309-4824-9717-9C456DF9C511}.CD_ROM|x86.ActiveCfg = Debug|Any CPU
		{20FF2B31-C309-4824-9717-9C456DF9C511}.CD_ROM|x86.Build.0 = Debug|Any CPU
		{20FF2B31-C309-4824-9717-9C456DF9C511}.Debug|Any CPU.ActiveCfg = Debug|Any CPU
		{20FF2B31-C309-4824-9717-9C456DF9C511}.Debug|Any CPU.Build.0 = Debug|Any CPU
		{20FF2B31-C309-4824-9717-9C456DF9C511}.Debug|x64.ActiveCfg = Debug|Any CPU
		{20FF2B31-C309-4824-9717-9C456DF9C511}.Debug|x64.Build.0 = Debug|Any CPU
		{20FF2B31-C309-4824-9717-9C456DF9C511}.Debug|x86.ActiveCfg = Debug|Any CPU
		{20FF2B31-C309-4824-9717-9C456DF9C511}.Debug|x86.Build.0 = Debug|Any CPU
		{20FF2B31-C309-4824-9717-9C456DF9C511}.DVD-5|Any CPU.ActiveCfg = Debug|Any CPU
		{20FF2B31-C309-4824-9717-9C456DF9C511}.DVD-5|Any CPU.Build.0 = Debug|Any CPU
		{20FF2B31-C309-4824-9717-9C456DF9C511}.DVD-5|x64.ActiveCfg = Debug|Any CPU
		{20FF2B31-C309-4824-9717-9C456DF9C511}.DVD-5|x64.Build.0 = Debug|Any CPU
		{20FF2B31-C309-4824-9717-9C456DF9C511}.DVD-5|x86.ActiveCfg = Debug|Any CPU
		{20FF2B31-C309-4824-9717-9C456DF9C511}.DVD-5|x86.Build.0 = Debug|Any CPU
		{20FF2B31-C309-4824-9717-9C456DF9C511}.Release|Any CPU.ActiveCfg = Release|Any CPU
		{20FF2B31-C309-4824-9717-9C456DF9C511}.Release|Any CPU.Build.0 = Release|Any CPU
		{20FF2B31-C309-4824-9717-9C456DF9C511}.Release|x64.ActiveCfg = Release|Any CPU
		{20FF2B31-C309-4824-9717-9C456DF9C511}.Release|x64.Build.0 = Release|Any CPU
		{20FF2B31-C309-4824-9717-9C456DF9C511}.Release|x86.ActiveCfg = Release|Any CPU
		{20FF2B31-C309-4824-9717-9C456DF9C511}.Release|x86.Build.0 = Release|Any CPU
		{20FF2B31-C309-4824-9717-9C456DF9C511}.SingleImage|Any CPU.ActiveCfg = Release|Any CPU
		{20FF2B31-C309-4824-9717-9C456DF9C511}.SingleImage|Any CPU.Build.0 = Release|Any CPU
		{20FF2B31-C309-4824-9717-9C456DF9C511}.SingleImage|x64.ActiveCfg = Debug|Any CPU
		{20FF2B31-C309-4824-9717-9C456DF9C511}.SingleImage|x64.Build.0 = Debug|Any CPU
		{20FF2B31-C309-4824-9717-9C456DF9C511}.SingleImage|x86.ActiveCfg = Debug|Any CPU
		{20FF2B31-C309-4824-9717-9C456DF9C511}.SingleImage|x86.Build.0 = Debug|Any CPU
		{DEB87267-A36C-4856-BD1A-067F44340CC0}.CD_ROM|Any CPU.ActiveCfg = Release|Any CPU
		{DEB87267-A36C-4856-BD1A-067F44340CC0}.CD_ROM|Any CPU.Build.0 = Release|Any CPU
		{DEB87267-A36C-4856-BD1A-067F44340CC0}.CD_ROM|x64.ActiveCfg = Debug|Any CPU
		{DEB87267-A36C-4856-BD1A-067F44340CC0}.CD_ROM|x64.Build.0 = Debug|Any CPU
		{DEB87267-A36C-4856-BD1A-067F44340CC0}.CD_ROM|x86.ActiveCfg = Debug|Any CPU
		{DEB87267-A36C-4856-BD1A-067F44340CC0}.CD_ROM|x86.Build.0 = Debug|Any CPU
		{DEB87267-A36C-4856-BD1A-067F44340CC0}.Debug|Any CPU.ActiveCfg = Debug|Any CPU
		{DEB87267-A36C-4856-BD1A-067F44340CC0}.Debug|Any CPU.Build.0 = Debug|Any CPU
		{DEB87267-A36C-4856-BD1A-067F44340CC0}.Debug|x64.ActiveCfg = Debug|Any CPU
		{DEB87267-A36C-4856-BD1A-067F44340CC0}.Debug|x64.Build.0 = Debug|Any CPU
		{DEB87267-A36C-4856-BD1A-067F44340CC0}.Debug|x86.ActiveCfg = Debug|Any CPU
		{DEB87267-A36C-4856-BD1A-067F44340CC0}.Debug|x86.Build.0 = Debug|Any CPU
		{DEB87267-A36C-4856-BD1A-067F44340CC0}.DVD-5|Any CPU.ActiveCfg = Debug|Any CPU
		{DEB87267-A36C-4856-BD1A-067F44340CC0}.DVD-5|Any CPU.Build.0 = Debug|Any CPU
		{DEB87267-A36C-4856-BD1A-067F44340CC0}.DVD-5|x64.ActiveCfg = Debug|Any CPU
		{DEB87267-A36C-4856-BD1A-067F44340CC0}.DVD-5|x64.Build.0 = Debug|Any CPU
		{DEB87267-A36C-4856-BD1A-067F44340CC0}.DVD-5|x86.ActiveCfg = Debug|Any CPU
		{DEB87267-A36C-4856-BD1A-067F44340CC0}.DVD-5|x86.Build.0 = Debug|Any CPU
		{DEB87267-A36C-4856-BD1A-067F44340CC0}.Release|Any CPU.ActiveCfg = Release|Any CPU
		{DEB87267-A36C-4856-BD1A-067F44340CC0}.Release|Any CPU.Build.0 = Release|Any CPU
		{DEB87267-A36C-4856-BD1A-067F44340CC0}.Release|x64.ActiveCfg = Release|Any CPU
		{DEB87267-A36C-4856-BD1A-067F44340CC0}.Release|x64.Build.0 = Release|Any CPU
		{DEB87267-A36C-4856-BD1A-067F44340CC0}.Release|x86.ActiveCfg = Release|Any CPU
		{DEB87267-A36C-4856-BD1A-067F44340CC0}.Release|x86.Build.0 = Release|Any CPU
		{DEB87267-A36C-4856-BD1A-067F44340CC0}.SingleImage|Any CPU.ActiveCfg = Release|Any CPU
		{DEB87267-A36C-4856-BD1A-067F44340CC0}.SingleImage|Any CPU.Build.0 = Release|Any CPU
		{DEB87267-A36C-4856-BD1A-067F44340CC0}.SingleImage|x64.ActiveCfg = Debug|Any CPU
		{DEB87267-A36C-4856-BD1A-067F44340CC0}.SingleImage|x64.Build.0 = Debug|Any CPU
		{DEB87267-A36C-4856-BD1A-067F44340CC0}.SingleImage|x86.ActiveCfg = Debug|Any CPU
		{DEB87267-A36C-4856-BD1A-067F44340CC0}.SingleImage|x86.Build.0 = Debug|Any CPU
		{ADF4A60A-BF83-499A-9653-43DF5D4F7836}.CD_ROM|Any CPU.ActiveCfg = Release|Any CPU
		{ADF4A60A-BF83-499A-9653-43DF5D4F7836}.CD_ROM|Any CPU.Build.0 = Release|Any CPU
		{ADF4A60A-BF83-499A-9653-43DF5D4F7836}.CD_ROM|x64.ActiveCfg = Debug|Any CPU
		{ADF4A60A-BF83-499A-9653-43DF5D4F7836}.CD_ROM|x64.Build.0 = Debug|Any CPU
		{ADF4A60A-BF83-499A-9653-43DF5D4F7836}.CD_ROM|x86.ActiveCfg = Debug|Any CPU
		{ADF4A60A-BF83-499A-9653-43DF5D4F7836}.CD_ROM|x86.Build.0 = Debug|Any CPU
		{ADF4A60A-BF83-499A-9653-43DF5D4F7836}.Debug|Any CPU.ActiveCfg = Debug|Any CPU
		{ADF4A60A-BF83-499A-9653-43DF5D4F7836}.Debug|Any CPU.Build.0 = Debug|Any CPU
		{ADF4A60A-BF83-499A-9653-43DF5D4F7836}.Debug|x64.ActiveCfg = Debug|Any CPU
		{ADF4A60A-BF83-499A-9653-43DF5D4F7836}.Debug|x64.Build.0 = Debug|Any CPU
		{ADF4A60A-BF83-499A-9653-43DF5D4F7836}.Debug|x86.ActiveCfg = Debug|Any CPU
		{ADF4A60A-BF83-499A-9653-43DF5D4F7836}.Debug|x86.Build.0 = Debug|Any CPU
		{ADF4A60A-BF83-499A-9653-43DF5D4F7836}.DVD-5|Any CPU.ActiveCfg = Debug|Any CPU
		{ADF4A60A-BF83-499A-9653-43DF5D4F7836}.DVD-5|Any CPU.Build.0 = Debug|Any CPU
		{ADF4A60A-BF83-499A-9653-43DF5D4F7836}.DVD-5|x64.ActiveCfg = Debug|Any CPU
		{ADF4A60A-BF83-499A-9653-43DF5D4F7836}.DVD-5|x64.Build.0 = Debug|Any CPU
		{ADF4A60A-BF83-499A-9653-43DF5D4F7836}.DVD-5|x86.ActiveCfg = Debug|Any CPU
		{ADF4A60A-BF83-499A-9653-43DF5D4F7836}.DVD-5|x86.Build.0 = Debug|Any CPU
		{ADF4A60A-BF83-499A-9653-43DF5D4F7836}.Release|Any CPU.ActiveCfg = Release|Any CPU
		{ADF4A60A-BF83-499A-9653-43DF5D4F7836}.Release|Any CPU.Build.0 = Release|Any CPU
		{ADF4A60A-BF83-499A-9653-43DF5D4F7836}.Release|x64.ActiveCfg = Release|Any CPU
		{ADF4A60A-BF83-499A-9653-43DF5D4F7836}.Release|x64.Build.0 = Release|Any CPU
		{ADF4A60A-BF83-499A-9653-43DF5D4F7836}.Release|x86.ActiveCfg = Release|Any CPU
		{ADF4A60A-BF83-499A-9653-43DF5D4F7836}.Release|x86.Build.0 = Release|Any CPU
		{ADF4A60A-BF83-499A-9653-43DF5D4F7836}.SingleImage|Any CPU.ActiveCfg = Release|Any CPU
		{ADF4A60A-BF83-499A-9653-43DF5D4F7836}.SingleImage|Any CPU.Build.0 = Release|Any CPU
		{ADF4A60A-BF83-499A-9653-43DF5D4F7836}.SingleImage|x64.ActiveCfg = Debug|Any CPU
		{ADF4A60A-BF83-499A-9653-43DF5D4F7836}.SingleImage|x64.Build.0 = Debug|Any CPU
		{ADF4A60A-BF83-499A-9653-43DF5D4F7836}.SingleImage|x86.ActiveCfg = Debug|Any CPU
		{ADF4A60A-BF83-499A-9653-43DF5D4F7836}.SingleImage|x86.Build.0 = Debug|Any CPU
		{2C0998E2-1264-4F0C-931C-E26C5BD20CD4}.CD_ROM|Any CPU.ActiveCfg = Release|Any CPU
		{2C0998E2-1264-4F0C-931C-E26C5BD20CD4}.CD_ROM|Any CPU.Build.0 = Release|Any CPU
		{2C0998E2-1264-4F0C-931C-E26C5BD20CD4}.CD_ROM|x64.ActiveCfg = Debug|Any CPU
		{2C0998E2-1264-4F0C-931C-E26C5BD20CD4}.CD_ROM|x64.Build.0 = Debug|Any CPU
		{2C0998E2-1264-4F0C-931C-E26C5BD20CD4}.CD_ROM|x86.ActiveCfg = Debug|Any CPU
		{2C0998E2-1264-4F0C-931C-E26C5BD20CD4}.CD_ROM|x86.Build.0 = Debug|Any CPU
		{2C0998E2-1264-4F0C-931C-E26C5BD20CD4}.Debug|Any CPU.ActiveCfg = Debug|Any CPU
		{2C0998E2-1264-4F0C-931C-E26C5BD20CD4}.Debug|Any CPU.Build.0 = Debug|Any CPU
		{2C0998E2-1264-4F0C-931C-E26C5BD20CD4}.Debug|x64.ActiveCfg = Debug|Any CPU
		{2C0998E2-1264-4F0C-931C-E26C5BD20CD4}.Debug|x64.Build.0 = Debug|Any CPU
		{2C0998E2-1264-4F0C-931C-E26C5BD20CD4}.Debug|x86.ActiveCfg = Debug|Any CPU
		{2C0998E2-1264-4F0C-931C-E26C5BD20CD4}.Debug|x86.Build.0 = Debug|Any CPU
		{2C0998E2-1264-4F0C-931C-E26C5BD20CD4}.DVD-5|Any CPU.ActiveCfg = Debug|Any CPU
		{2C0998E2-1264-4F0C-931C-E26C5BD20CD4}.DVD-5|Any CPU.Build.0 = Debug|Any CPU
		{2C0998E2-1264-4F0C-931C-E26C5BD20CD4}.DVD-5|x64.ActiveCfg = Debug|Any CPU
		{2C0998E2-1264-4F0C-931C-E26C5BD20CD4}.DVD-5|x64.Build.0 = Debug|Any CPU
		{2C0998E2-1264-4F0C-931C-E26C5BD20CD4}.DVD-5|x86.ActiveCfg = Debug|Any CPU
		{2C0998E2-1264-4F0C-931C-E26C5BD20CD4}.DVD-5|x86.Build.0 = Debug|Any CPU
		{2C0998E2-1264-4F0C-931C-E26C5BD20CD4}.Release|Any CPU.ActiveCfg = Release|Any CPU
		{2C0998E2-1264-4F0C-931C-E26C5BD20CD4}.Release|Any CPU.Build.0 = Release|Any CPU
		{2C0998E2-1264-4F0C-931C-E26C5BD20CD4}.Release|x64.ActiveCfg = Release|Any CPU
		{2C0998E2-1264-4F0C-931C-E26C5BD20CD4}.Release|x64.Build.0 = Release|Any CPU
		{2C0998E2-1264-4F0C-931C-E26C5BD20CD4}.Release|x86.ActiveCfg = Release|Any CPU
		{2C0998E2-1264-4F0C-931C-E26C5BD20CD4}.Release|x86.Build.0 = Release|Any CPU
		{2C0998E2-1264-4F0C-931C-E26C5BD20CD4}.SingleImage|Any CPU.ActiveCfg = Release|Any CPU
		{2C0998E2-1264-4F0C-931C-E26C5BD20CD4}.SingleImage|Any CPU.Build.0 = Release|Any CPU
		{2C0998E2-1264-4F0C-931C-E26C5BD20CD4}.SingleImage|x64.ActiveCfg = Debug|Any CPU
		{2C0998E2-1264-4F0C-931C-E26C5BD20CD4}.SingleImage|x64.Build.0 = Debug|Any CPU
		{2C0998E2-1264-4F0C-931C-E26C5BD20CD4}.SingleImage|x86.ActiveCfg = Debug|Any CPU
		{2C0998E2-1264-4F0C-931C-E26C5BD20CD4}.SingleImage|x86.Build.0 = Debug|Any CPU
		{614A88BF-3A81-4F97-93B3-E25751FA7CE9}.CD_ROM|Any CPU.ActiveCfg = Release|Any CPU
		{614A88BF-3A81-4F97-93B3-E25751FA7CE9}.CD_ROM|Any CPU.Build.0 = Release|Any CPU
		{614A88BF-3A81-4F97-93B3-E25751FA7CE9}.CD_ROM|x64.ActiveCfg = Debug|Any CPU
		{614A88BF-3A81-4F97-93B3-E25751FA7CE9}.CD_ROM|x64.Build.0 = Debug|Any CPU
		{614A88BF-3A81-4F97-93B3-E25751FA7CE9}.CD_ROM|x86.ActiveCfg = Debug|Any CPU
		{614A88BF-3A81-4F97-93B3-E25751FA7CE9}.CD_ROM|x86.Build.0 = Debug|Any CPU
		{614A88BF-3A81-4F97-93B3-E25751FA7CE9}.Debug|Any CPU.ActiveCfg = Debug|Any CPU
		{614A88BF-3A81-4F97-93B3-E25751FA7CE9}.Debug|Any CPU.Build.0 = Debug|Any CPU
		{614A88BF-3A81-4F97-93B3-E25751FA7CE9}.Debug|x64.ActiveCfg = Debug|Any CPU
		{614A88BF-3A81-4F97-93B3-E25751FA7CE9}.Debug|x64.Build.0 = Debug|Any CPU
		{614A88BF-3A81-4F97-93B3-E25751FA7CE9}.Debug|x86.ActiveCfg = Debug|Any CPU
		{614A88BF-3A81-4F97-93B3-E25751FA7CE9}.Debug|x86.Build.0 = Debug|Any CPU
		{614A88BF-3A81-4F97-93B3-E25751FA7CE9}.DVD-5|Any CPU.ActiveCfg = Debug|Any CPU
		{614A88BF-3A81-4F97-93B3-E25751FA7CE9}.DVD-5|Any CPU.Build.0 = Debug|Any CPU
		{614A88BF-3A81-4F97-93B3-E25751FA7CE9}.DVD-5|x64.ActiveCfg = Debug|Any CPU
		{614A88BF-3A81-4F97-93B3-E25751FA7CE9}.DVD-5|x64.Build.0 = Debug|Any CPU
		{614A88BF-3A81-4F97-93B3-E25751FA7CE9}.DVD-5|x86.ActiveCfg = Debug|Any CPU
		{614A88BF-3A81-4F97-93B3-E25751FA7CE9}.DVD-5|x86.Build.0 = Debug|Any CPU
		{614A88BF-3A81-4F97-93B3-E25751FA7CE9}.Release|Any CPU.ActiveCfg = Release|Any CPU
		{614A88BF-3A81-4F97-93B3-E25751FA7CE9}.Release|Any CPU.Build.0 = Release|Any CPU
		{614A88BF-3A81-4F97-93B3-E25751FA7CE9}.Release|x64.ActiveCfg = Release|Any CPU
		{614A88BF-3A81-4F97-93B3-E25751FA7CE9}.Release|x64.Build.0 = Release|Any CPU
		{614A88BF-3A81-4F97-93B3-E25751FA7CE9}.Release|x86.ActiveCfg = Release|Any CPU
		{614A88BF-3A81-4F97-93B3-E25751FA7CE9}.Release|x86.Build.0 = Release|Any CPU
		{614A88BF-3A81-4F97-93B3-E25751FA7CE9}.SingleImage|Any CPU.ActiveCfg = Release|Any CPU
		{614A88BF-3A81-4F97-93B3-E25751FA7CE9}.SingleImage|Any CPU.Build.0 = Release|Any CPU
		{614A88BF-3A81-4F97-93B3-E25751FA7CE9}.SingleImage|x64.ActiveCfg = Debug|Any CPU
		{614A88BF-3A81-4F97-93B3-E25751FA7CE9}.SingleImage|x64.Build.0 = Debug|Any CPU
		{614A88BF-3A81-4F97-93B3-E25751FA7CE9}.SingleImage|x86.ActiveCfg = Debug|Any CPU
		{614A88BF-3A81-4F97-93B3-E25751FA7CE9}.SingleImage|x86.Build.0 = Debug|Any CPU
		{2722CB55-4458-43BF-AC84-992615C3E46F}.CD_ROM|Any CPU.ActiveCfg = Release|Any CPU
		{2722CB55-4458-43BF-AC84-992615C3E46F}.CD_ROM|Any CPU.Build.0 = Release|Any CPU
		{2722CB55-4458-43BF-AC84-992615C3E46F}.CD_ROM|x64.ActiveCfg = Debug|Any CPU
		{2722CB55-4458-43BF-AC84-992615C3E46F}.CD_ROM|x64.Build.0 = Debug|Any CPU
		{2722CB55-4458-43BF-AC84-992615C3E46F}.CD_ROM|x86.ActiveCfg = Debug|Any CPU
		{2722CB55-4458-43BF-AC84-992615C3E46F}.CD_ROM|x86.Build.0 = Debug|Any CPU
		{2722CB55-4458-43BF-AC84-992615C3E46F}.Debug|Any CPU.ActiveCfg = Debug|Any CPU
		{2722CB55-4458-43BF-AC84-992615C3E46F}.Debug|x64.ActiveCfg = Debug|Any CPU
		{2722CB55-4458-43BF-AC84-992615C3E46F}.Debug|x64.Build.0 = Debug|Any CPU
		{2722CB55-4458-43BF-AC84-992615C3E46F}.Debug|x86.ActiveCfg = Debug|Any CPU
		{2722CB55-4458-43BF-AC84-992615C3E46F}.Debug|x86.Build.0 = Debug|Any CPU
		{2722CB55-4458-43BF-AC84-992615C3E46F}.DVD-5|Any CPU.ActiveCfg = Debug|Any CPU
		{2722CB55-4458-43BF-AC84-992615C3E46F}.DVD-5|Any CPU.Build.0 = Debug|Any CPU
		{2722CB55-4458-43BF-AC84-992615C3E46F}.DVD-5|x64.ActiveCfg = Debug|Any CPU
		{2722CB55-4458-43BF-AC84-992615C3E46F}.DVD-5|x64.Build.0 = Debug|Any CPU
		{2722CB55-4458-43BF-AC84-992615C3E46F}.DVD-5|x86.ActiveCfg = Debug|Any CPU
		{2722CB55-4458-43BF-AC84-992615C3E46F}.DVD-5|x86.Build.0 = Debug|Any CPU
		{2722CB55-4458-43BF-AC84-992615C3E46F}.Release|Any CPU.ActiveCfg = Release|Any CPU
		{2722CB55-4458-43BF-AC84-992615C3E46F}.Release|Any CPU.Build.0 = Release|Any CPU
		{2722CB55-4458-43BF-AC84-992615C3E46F}.Release|x64.ActiveCfg = Release|Any CPU
		{2722CB55-4458-43BF-AC84-992615C3E46F}.Release|x64.Build.0 = Release|Any CPU
		{2722CB55-4458-43BF-AC84-992615C3E46F}.Release|x86.ActiveCfg = Release|Any CPU
		{2722CB55-4458-43BF-AC84-992615C3E46F}.Release|x86.Build.0 = Release|Any CPU
		{2722CB55-4458-43BF-AC84-992615C3E46F}.SingleImage|Any CPU.ActiveCfg = Release|Any CPU
		{2722CB55-4458-43BF-AC84-992615C3E46F}.SingleImage|Any CPU.Build.0 = Release|Any CPU
		{2722CB55-4458-43BF-AC84-992615C3E46F}.SingleImage|x64.ActiveCfg = Debug|Any CPU
		{2722CB55-4458-43BF-AC84-992615C3E46F}.SingleImage|x64.Build.0 = Debug|Any CPU
		{2722CB55-4458-43BF-AC84-992615C3E46F}.SingleImage|x86.ActiveCfg = Debug|Any CPU
		{2722CB55-4458-43BF-AC84-992615C3E46F}.SingleImage|x86.Build.0 = Debug|Any CPU
		{87EAE0D4-D9B3-4B87-A900-83CF59D8EF6A}.CD_ROM|Any CPU.ActiveCfg = Release|Any CPU
		{87EAE0D4-D9B3-4B87-A900-83CF59D8EF6A}.CD_ROM|Any CPU.Build.0 = Release|Any CPU
		{87EAE0D4-D9B3-4B87-A900-83CF59D8EF6A}.CD_ROM|x64.ActiveCfg = Debug|Any CPU
		{87EAE0D4-D9B3-4B87-A900-83CF59D8EF6A}.CD_ROM|x64.Build.0 = Debug|Any CPU
		{87EAE0D4-D9B3-4B87-A900-83CF59D8EF6A}.CD_ROM|x86.ActiveCfg = Debug|Any CPU
		{87EAE0D4-D9B3-4B87-A900-83CF59D8EF6A}.CD_ROM|x86.Build.0 = Debug|Any CPU
		{87EAE0D4-D9B3-4B87-A900-83CF59D8EF6A}.Debug|Any CPU.ActiveCfg = Debug|x64
		{87EAE0D4-D9B3-4B87-A900-83CF59D8EF6A}.Debug|Any CPU.Build.0 = Debug|x64
		{87EAE0D4-D9B3-4B87-A900-83CF59D8EF6A}.Debug|x64.ActiveCfg = Debug|Any CPU
		{87EAE0D4-D9B3-4B87-A900-83CF59D8EF6A}.Debug|x64.Build.0 = Debug|Any CPU
		{87EAE0D4-D9B3-4B87-A900-83CF59D8EF6A}.Debug|x86.ActiveCfg = Debug|Any CPU
		{87EAE0D4-D9B3-4B87-A900-83CF59D8EF6A}.Debug|x86.Build.0 = Debug|Any CPU
		{87EAE0D4-D9B3-4B87-A900-83CF59D8EF6A}.DVD-5|Any CPU.ActiveCfg = Debug|Any CPU
		{87EAE0D4-D9B3-4B87-A900-83CF59D8EF6A}.DVD-5|Any CPU.Build.0 = Debug|Any CPU
		{87EAE0D4-D9B3-4B87-A900-83CF59D8EF6A}.DVD-5|x64.ActiveCfg = Debug|Any CPU
		{87EAE0D4-D9B3-4B87-A900-83CF59D8EF6A}.DVD-5|x64.Build.0 = Debug|Any CPU
		{87EAE0D4-D9B3-4B87-A900-83CF59D8EF6A}.DVD-5|x86.ActiveCfg = Debug|Any CPU
		{87EAE0D4-D9B3-4B87-A900-83CF59D8EF6A}.DVD-5|x86.Build.0 = Debug|Any CPU
		{87EAE0D4-D9B3-4B87-A900-83CF59D8EF6A}.Release|Any CPU.ActiveCfg = Release|Any CPU
		{87EAE0D4-D9B3-4B87-A900-83CF59D8EF6A}.Release|Any CPU.Build.0 = Release|Any CPU
		{87EAE0D4-D9B3-4B87-A900-83CF59D8EF6A}.Release|x64.ActiveCfg = Release|Any CPU
		{87EAE0D4-D9B3-4B87-A900-83CF59D8EF6A}.Release|x64.Build.0 = Release|Any CPU
		{87EAE0D4-D9B3-4B87-A900-83CF59D8EF6A}.Release|x86.ActiveCfg = Release|Any CPU
		{87EAE0D4-D9B3-4B87-A900-83CF59D8EF6A}.Release|x86.Build.0 = Release|Any CPU
		{87EAE0D4-D9B3-4B87-A900-83CF59D8EF6A}.SingleImage|Any CPU.ActiveCfg = Release|Any CPU
		{87EAE0D4-D9B3-4B87-A900-83CF59D8EF6A}.SingleImage|Any CPU.Build.0 = Release|Any CPU
		{87EAE0D4-D9B3-4B87-A900-83CF59D8EF6A}.SingleImage|x64.ActiveCfg = Debug|Any CPU
		{87EAE0D4-D9B3-4B87-A900-83CF59D8EF6A}.SingleImage|x64.Build.0 = Debug|Any CPU
		{87EAE0D4-D9B3-4B87-A900-83CF59D8EF6A}.SingleImage|x86.ActiveCfg = Debug|Any CPU
		{87EAE0D4-D9B3-4B87-A900-83CF59D8EF6A}.SingleImage|x86.Build.0 = Debug|Any CPU
		{D8D2564E-0B0E-4772-AE51-73328BF9BBF7}.CD_ROM|Any CPU.ActiveCfg = Release|Any CPU
		{D8D2564E-0B0E-4772-AE51-73328BF9BBF7}.CD_ROM|Any CPU.Build.0 = Release|Any CPU
		{D8D2564E-0B0E-4772-AE51-73328BF9BBF7}.CD_ROM|x64.ActiveCfg = Debug|Any CPU
		{D8D2564E-0B0E-4772-AE51-73328BF9BBF7}.CD_ROM|x64.Build.0 = Debug|Any CPU
		{D8D2564E-0B0E-4772-AE51-73328BF9BBF7}.CD_ROM|x86.ActiveCfg = Debug|Any CPU
		{D8D2564E-0B0E-4772-AE51-73328BF9BBF7}.CD_ROM|x86.Build.0 = Debug|Any CPU
		{D8D2564E-0B0E-4772-AE51-73328BF9BBF7}.Debug|Any CPU.ActiveCfg = Debug|Any CPU
		{D8D2564E-0B0E-4772-AE51-73328BF9BBF7}.Debug|x64.ActiveCfg = Debug|Any CPU
		{D8D2564E-0B0E-4772-AE51-73328BF9BBF7}.Debug|x64.Build.0 = Debug|Any CPU
		{D8D2564E-0B0E-4772-AE51-73328BF9BBF7}.Debug|x86.ActiveCfg = Debug|Any CPU
		{D8D2564E-0B0E-4772-AE51-73328BF9BBF7}.Debug|x86.Build.0 = Debug|Any CPU
		{D8D2564E-0B0E-4772-AE51-73328BF9BBF7}.DVD-5|Any CPU.ActiveCfg = Debug|Any CPU
		{D8D2564E-0B0E-4772-AE51-73328BF9BBF7}.DVD-5|Any CPU.Build.0 = Debug|Any CPU
		{D8D2564E-0B0E-4772-AE51-73328BF9BBF7}.DVD-5|x64.ActiveCfg = Debug|Any CPU
		{D8D2564E-0B0E-4772-AE51-73328BF9BBF7}.DVD-5|x64.Build.0 = Debug|Any CPU
		{D8D2564E-0B0E-4772-AE51-73328BF9BBF7}.DVD-5|x86.ActiveCfg = Debug|Any CPU
		{D8D2564E-0B0E-4772-AE51-73328BF9BBF7}.DVD-5|x86.Build.0 = Debug|Any CPU
		{D8D2564E-0B0E-4772-AE51-73328BF9BBF7}.Release|Any CPU.ActiveCfg = Release|Any CPU
		{D8D2564E-0B0E-4772-AE51-73328BF9BBF7}.Release|Any CPU.Build.0 = Release|Any CPU
		{D8D2564E-0B0E-4772-AE51-73328BF9BBF7}.Release|x64.ActiveCfg = Release|Any CPU
		{D8D2564E-0B0E-4772-AE51-73328BF9BBF7}.Release|x64.Build.0 = Release|Any CPU
		{D8D2564E-0B0E-4772-AE51-73328BF9BBF7}.Release|x86.ActiveCfg = Release|Any CPU
		{D8D2564E-0B0E-4772-AE51-73328BF9BBF7}.Release|x86.Build.0 = Release|Any CPU
		{D8D2564E-0B0E-4772-AE51-73328BF9BBF7}.SingleImage|Any CPU.ActiveCfg = Release|Any CPU
		{D8D2564E-0B0E-4772-AE51-73328BF9BBF7}.SingleImage|Any CPU.Build.0 = Release|Any CPU
		{D8D2564E-0B0E-4772-AE51-73328BF9BBF7}.SingleImage|x64.ActiveCfg = Debug|Any CPU
		{D8D2564E-0B0E-4772-AE51-73328BF9BBF7}.SingleImage|x64.Build.0 = Debug|Any CPU
		{D8D2564E-0B0E-4772-AE51-73328BF9BBF7}.SingleImage|x86.ActiveCfg = Debug|Any CPU
		{D8D2564E-0B0E-4772-AE51-73328BF9BBF7}.SingleImage|x86.Build.0 = Debug|Any CPU
		{A60256E9-5A22-4356-A63D-79CB3A6457F9}.CD_ROM|Any CPU.ActiveCfg = Release|Any CPU
		{A60256E9-5A22-4356-A63D-79CB3A6457F9}.CD_ROM|Any CPU.Build.0 = Release|Any CPU
		{A60256E9-5A22-4356-A63D-79CB3A6457F9}.CD_ROM|x64.ActiveCfg = Debug|Any CPU
		{A60256E9-5A22-4356-A63D-79CB3A6457F9}.CD_ROM|x64.Build.0 = Debug|Any CPU
		{A60256E9-5A22-4356-A63D-79CB3A6457F9}.CD_ROM|x86.ActiveCfg = Release|x86
		{A60256E9-5A22-4356-A63D-79CB3A6457F9}.CD_ROM|x86.Build.0 = Release|x86
		{A60256E9-5A22-4356-A63D-79CB3A6457F9}.Debug|Any CPU.ActiveCfg = Debug|Any CPU
		{A60256E9-5A22-4356-A63D-79CB3A6457F9}.Debug|Any CPU.Build.0 = Debug|Any CPU
		{A60256E9-5A22-4356-A63D-79CB3A6457F9}.Debug|x64.ActiveCfg = Debug|Any CPU
		{A60256E9-5A22-4356-A63D-79CB3A6457F9}.Debug|x64.Build.0 = Debug|Any CPU
		{A60256E9-5A22-4356-A63D-79CB3A6457F9}.Debug|x86.ActiveCfg = Debug|x86
		{A60256E9-5A22-4356-A63D-79CB3A6457F9}.Debug|x86.Build.0 = Debug|x86
		{A60256E9-5A22-4356-A63D-79CB3A6457F9}.DVD-5|Any CPU.ActiveCfg = Debug|Any CPU
		{A60256E9-5A22-4356-A63D-79CB3A6457F9}.DVD-5|Any CPU.Build.0 = Debug|Any CPU
		{A60256E9-5A22-4356-A63D-79CB3A6457F9}.DVD-5|x64.ActiveCfg = Debug|Any CPU
		{A60256E9-5A22-4356-A63D-79CB3A6457F9}.DVD-5|x64.Build.0 = Debug|Any CPU
		{A60256E9-5A22-4356-A63D-79CB3A6457F9}.DVD-5|x86.ActiveCfg = Debug|x86
		{A60256E9-5A22-4356-A63D-79CB3A6457F9}.DVD-5|x86.Build.0 = Debug|x86
		{A60256E9-5A22-4356-A63D-79CB3A6457F9}.Release|Any CPU.ActiveCfg = Release|Any CPU
		{A60256E9-5A22-4356-A63D-79CB3A6457F9}.Release|Any CPU.Build.0 = Release|Any CPU
		{A60256E9-5A22-4356-A63D-79CB3A6457F9}.Release|x64.ActiveCfg = Release|Any CPU
		{A60256E9-5A22-4356-A63D-79CB3A6457F9}.Release|x64.Build.0 = Release|Any CPU
		{A60256E9-5A22-4356-A63D-79CB3A6457F9}.Release|x86.ActiveCfg = Release|x86
		{A60256E9-5A22-4356-A63D-79CB3A6457F9}.Release|x86.Build.0 = Release|x86
		{A60256E9-5A22-4356-A63D-79CB3A6457F9}.SingleImage|Any CPU.ActiveCfg = Release|Any CPU
		{A60256E9-5A22-4356-A63D-79CB3A6457F9}.SingleImage|Any CPU.Build.0 = Release|Any CPU
		{A60256E9-5A22-4356-A63D-79CB3A6457F9}.SingleImage|x64.ActiveCfg = Debug|Any CPU
		{A60256E9-5A22-4356-A63D-79CB3A6457F9}.SingleImage|x64.Build.0 = Debug|Any CPU
		{A60256E9-5A22-4356-A63D-79CB3A6457F9}.SingleImage|x86.ActiveCfg = Release|x86
		{A60256E9-5A22-4356-A63D-79CB3A6457F9}.SingleImage|x86.Build.0 = Release|x86
		{3B6C3F10-DA7F-4643-81C3-8D18D35E00DB}.CD_ROM|Any CPU.ActiveCfg = Release|Any CPU
		{3B6C3F10-DA7F-4643-81C3-8D18D35E00DB}.CD_ROM|Any CPU.Build.0 = Release|Any CPU
		{3B6C3F10-DA7F-4643-81C3-8D18D35E00DB}.CD_ROM|x64.ActiveCfg = Debug|Any CPU
		{3B6C3F10-DA7F-4643-81C3-8D18D35E00DB}.CD_ROM|x64.Build.0 = Debug|Any CPU
		{3B6C3F10-DA7F-4643-81C3-8D18D35E00DB}.CD_ROM|x86.ActiveCfg = Debug|Any CPU
		{3B6C3F10-DA7F-4643-81C3-8D18D35E00DB}.CD_ROM|x86.Build.0 = Debug|Any CPU
		{3B6C3F10-DA7F-4643-81C3-8D18D35E00DB}.Debug|Any CPU.ActiveCfg = Debug|Any CPU
		{3B6C3F10-DA7F-4643-81C3-8D18D35E00DB}.Debug|Any CPU.Build.0 = Debug|Any CPU
		{3B6C3F10-DA7F-4643-81C3-8D18D35E00DB}.Debug|x64.ActiveCfg = Debug|Any CPU
		{3B6C3F10-DA7F-4643-81C3-8D18D35E00DB}.Debug|x64.Build.0 = Debug|Any CPU
		{3B6C3F10-DA7F-4643-81C3-8D18D35E00DB}.Debug|x86.ActiveCfg = Debug|Any CPU
		{3B6C3F10-DA7F-4643-81C3-8D18D35E00DB}.Debug|x86.Build.0 = Debug|Any CPU
		{3B6C3F10-DA7F-4643-81C3-8D18D35E00DB}.DVD-5|Any CPU.ActiveCfg = Debug|Any CPU
		{3B6C3F10-DA7F-4643-81C3-8D18D35E00DB}.DVD-5|Any CPU.Build.0 = Debug|Any CPU
		{3B6C3F10-DA7F-4643-81C3-8D18D35E00DB}.DVD-5|x64.ActiveCfg = Debug|Any CPU
		{3B6C3F10-DA7F-4643-81C3-8D18D35E00DB}.DVD-5|x64.Build.0 = Debug|Any CPU
		{3B6C3F10-DA7F-4643-81C3-8D18D35E00DB}.DVD-5|x86.ActiveCfg = Debug|Any CPU
		{3B6C3F10-DA7F-4643-81C3-8D18D35E00DB}.DVD-5|x86.Build.0 = Debug|Any CPU
		{3B6C3F10-DA7F-4643-81C3-8D18D35E00DB}.Release|Any CPU.ActiveCfg = Release|Any CPU
		{3B6C3F10-DA7F-4643-81C3-8D18D35E00DB}.Release|Any CPU.Build.0 = Release|Any CPU
		{3B6C3F10-DA7F-4643-81C3-8D18D35E00DB}.Release|x64.ActiveCfg = Release|Any CPU
		{3B6C3F10-DA7F-4643-81C3-8D18D35E00DB}.Release|x64.Build.0 = Release|Any CPU
		{3B6C3F10-DA7F-4643-81C3-8D18D35E00DB}.Release|x86.ActiveCfg = Release|Any CPU
		{3B6C3F10-DA7F-4643-81C3-8D18D35E00DB}.Release|x86.Build.0 = Release|Any CPU
		{3B6C3F10-DA7F-4643-81C3-8D18D35E00DB}.SingleImage|Any CPU.ActiveCfg = Release|Any CPU
		{3B6C3F10-DA7F-4643-81C3-8D18D35E00DB}.SingleImage|Any CPU.Build.0 = Release|Any CPU
		{3B6C3F10-DA7F-4643-81C3-8D18D35E00DB}.SingleImage|x64.ActiveCfg = Debug|Any CPU
		{3B6C3F10-DA7F-4643-81C3-8D18D35E00DB}.SingleImage|x64.Build.0 = Debug|Any CPU
		{3B6C3F10-DA7F-4643-81C3-8D18D35E00DB}.SingleImage|x86.ActiveCfg = Debug|Any CPU
		{3B6C3F10-DA7F-4643-81C3-8D18D35E00DB}.SingleImage|x86.Build.0 = Debug|Any CPU
		{F3BB8EDB-48B1-4532-8E31-E90CCA7CDDBA}.CD_ROM|Any CPU.ActiveCfg = Release|Any CPU
		{F3BB8EDB-48B1-4532-8E31-E90CCA7CDDBA}.CD_ROM|Any CPU.Build.0 = Release|Any CPU
		{F3BB8EDB-48B1-4532-8E31-E90CCA7CDDBA}.CD_ROM|x64.ActiveCfg = Debug|Any CPU
		{F3BB8EDB-48B1-4532-8E31-E90CCA7CDDBA}.CD_ROM|x64.Build.0 = Debug|Any CPU
		{F3BB8EDB-48B1-4532-8E31-E90CCA7CDDBA}.CD_ROM|x86.ActiveCfg = Debug|Any CPU
		{F3BB8EDB-48B1-4532-8E31-E90CCA7CDDBA}.CD_ROM|x86.Build.0 = Debug|Any CPU
		{F3BB8EDB-48B1-4532-8E31-E90CCA7CDDBA}.Debug|Any CPU.ActiveCfg = Debug|Any CPU
		{F3BB8EDB-48B1-4532-8E31-E90CCA7CDDBA}.Debug|x64.ActiveCfg = Debug|Any CPU
		{F3BB8EDB-48B1-4532-8E31-E90CCA7CDDBA}.Debug|x64.Build.0 = Debug|Any CPU
		{F3BB8EDB-48B1-4532-8E31-E90CCA7CDDBA}.Debug|x86.ActiveCfg = Debug|Any CPU
		{F3BB8EDB-48B1-4532-8E31-E90CCA7CDDBA}.Debug|x86.Build.0 = Debug|Any CPU
		{F3BB8EDB-48B1-4532-8E31-E90CCA7CDDBA}.DVD-5|Any CPU.ActiveCfg = Debug|Any CPU
		{F3BB8EDB-48B1-4532-8E31-E90CCA7CDDBA}.DVD-5|Any CPU.Build.0 = Debug|Any CPU
		{F3BB8EDB-48B1-4532-8E31-E90CCA7CDDBA}.DVD-5|x64.ActiveCfg = Debug|Any CPU
		{F3BB8EDB-48B1-4532-8E31-E90CCA7CDDBA}.DVD-5|x64.Build.0 = Debug|Any CPU
		{F3BB8EDB-48B1-4532-8E31-E90CCA7CDDBA}.DVD-5|x86.ActiveCfg = Debug|Any CPU
		{F3BB8EDB-48B1-4532-8E31-E90CCA7CDDBA}.DVD-5|x86.Build.0 = Debug|Any CPU
		{F3BB8EDB-48B1-4532-8E31-E90CCA7CDDBA}.Release|Any CPU.ActiveCfg = Release|Any CPU
		{F3BB8EDB-48B1-4532-8E31-E90CCA7CDDBA}.Release|Any CPU.Build.0 = Release|Any CPU
		{F3BB8EDB-48B1-4532-8E31-E90CCA7CDDBA}.Release|x64.ActiveCfg = Release|Any CPU
		{F3BB8EDB-48B1-4532-8E31-E90CCA7CDDBA}.Release|x64.Build.0 = Release|Any CPU
		{F3BB8EDB-48B1-4532-8E31-E90CCA7CDDBA}.Release|x86.ActiveCfg = Release|Any CPU
		{F3BB8EDB-48B1-4532-8E31-E90CCA7CDDBA}.Release|x86.Build.0 = Release|Any CPU
		{F3BB8EDB-48B1-4532-8E31-E90CCA7CDDBA}.SingleImage|Any CPU.ActiveCfg = Release|Any CPU
		{F3BB8EDB-48B1-4532-8E31-E90CCA7CDDBA}.SingleImage|Any CPU.Build.0 = Release|Any CPU
		{F3BB8EDB-48B1-4532-8E31-E90CCA7CDDBA}.SingleImage|x64.ActiveCfg = Debug|Any CPU
		{F3BB8EDB-48B1-4532-8E31-E90CCA7CDDBA}.SingleImage|x64.Build.0 = Debug|Any CPU
		{F3BB8EDB-48B1-4532-8E31-E90CCA7CDDBA}.SingleImage|x86.ActiveCfg = Debug|Any CPU
		{F3BB8EDB-48B1-4532-8E31-E90CCA7CDDBA}.SingleImage|x86.Build.0 = Debug|Any CPU
		{6240D1F1-3657-4EAC-BC67-714DD9A82914}.CD_ROM|Any CPU.ActiveCfg = Release|Any CPU
		{6240D1F1-3657-4EAC-BC67-714DD9A82914}.CD_ROM|Any CPU.Build.0 = Release|Any CPU
		{6240D1F1-3657-4EAC-BC67-714DD9A82914}.CD_ROM|x64.ActiveCfg = Debug|Any CPU
		{6240D1F1-3657-4EAC-BC67-714DD9A82914}.CD_ROM|x64.Build.0 = Debug|Any CPU
		{6240D1F1-3657-4EAC-BC67-714DD9A82914}.CD_ROM|x86.ActiveCfg = Release|Any CPU
		{6240D1F1-3657-4EAC-BC67-714DD9A82914}.CD_ROM|x86.Build.0 = Release|Any CPU
		{6240D1F1-3657-4EAC-BC67-714DD9A82914}.Debug|Any CPU.ActiveCfg = Debug|Any CPU
		{6240D1F1-3657-4EAC-BC67-714DD9A82914}.Debug|Any CPU.Build.0 = Debug|Any CPU
		{6240D1F1-3657-4EAC-BC67-714DD9A82914}.Debug|x64.ActiveCfg = Debug|Any CPU
		{6240D1F1-3657-4EAC-BC67-714DD9A82914}.Debug|x64.Build.0 = Debug|Any CPU
		{6240D1F1-3657-4EAC-BC67-714DD9A82914}.Debug|x86.ActiveCfg = Debug|Any CPU
		{6240D1F1-3657-4EAC-BC67-714DD9A82914}.Debug|x86.Build.0 = Debug|Any CPU
		{6240D1F1-3657-4EAC-BC67-714DD9A82914}.DVD-5|Any CPU.ActiveCfg = Debug|Any CPU
		{6240D1F1-3657-4EAC-BC67-714DD9A82914}.DVD-5|Any CPU.Build.0 = Debug|Any CPU
		{6240D1F1-3657-4EAC-BC67-714DD9A82914}.DVD-5|x64.ActiveCfg = Debug|Any CPU
		{6240D1F1-3657-4EAC-BC67-714DD9A82914}.DVD-5|x64.Build.0 = Debug|Any CPU
		{6240D1F1-3657-4EAC-BC67-714DD9A82914}.DVD-5|x86.ActiveCfg = Debug|Any CPU
		{6240D1F1-3657-4EAC-BC67-714DD9A82914}.DVD-5|x86.Build.0 = Debug|Any CPU
		{6240D1F1-3657-4EAC-BC67-714DD9A82914}.Release|Any CPU.ActiveCfg = Release|Any CPU
		{6240D1F1-3657-4EAC-BC67-714DD9A82914}.Release|Any CPU.Build.0 = Release|Any CPU
		{6240D1F1-3657-4EAC-BC67-714DD9A82914}.Release|x64.ActiveCfg = Release|Any CPU
		{6240D1F1-3657-4EAC-BC67-714DD9A82914}.Release|x64.Build.0 = Release|Any CPU
		{6240D1F1-3657-4EAC-BC67-714DD9A82914}.Release|x86.ActiveCfg = Release|Any CPU
		{6240D1F1-3657-4EAC-BC67-714DD9A82914}.Release|x86.Build.0 = Release|Any CPU
		{6240D1F1-3657-4EAC-BC67-714DD9A82914}.SingleImage|Any CPU.ActiveCfg = Release|Any CPU
		{6240D1F1-3657-4EAC-BC67-714DD9A82914}.SingleImage|Any CPU.Build.0 = Release|Any CPU
		{6240D1F1-3657-4EAC-BC67-714DD9A82914}.SingleImage|x64.ActiveCfg = Debug|Any CPU
		{6240D1F1-3657-4EAC-BC67-714DD9A82914}.SingleImage|x64.Build.0 = Debug|Any CPU
		{6240D1F1-3657-4EAC-BC67-714DD9A82914}.SingleImage|x86.ActiveCfg = Release|Any CPU
		{6240D1F1-3657-4EAC-BC67-714DD9A82914}.SingleImage|x86.Build.0 = Release|Any CPU
	EndGlobalSection
	GlobalSection(SolutionProperties) = preSolution
		HideSolutionNode = FALSE
	EndGlobalSection
EndGlobal
